
Microsoft Visual Studio Solution File, Format Version 12.00
# Visual Studio Version 16
VisualStudioVersion = 16.0.31005.135
MinimumVisualStudioVersion = 10.0.40219.1
Project("{FAE04EC0-301F-11D3-BF4B-00C04F79EFBC}") = "WpfAppEF", "WpfAppEF\WpfAppEF.csproj", "{AEAEAC79-60D2-4129-AD07-2DC943B05D98}"
EndProject
Global
	GlobalSection(SolutionConfigurationPlatforms) = preSolution
		Debug|Any CPU = Debug|Any CPU
		Release|Any CPU = Release|Any CPU
	EndGlobalSection
	GlobalSection(ProjectConfigurationPlatforms) = postSolution
		{AEAEAC79-60D2-4129-AD07-2DC943B05D98}.Debug|Any CPU.ActiveCfg = Debug|Any CPU
		{AEAEAC79-60D2-4129-AD07-2DC943B05D98}.Debug|Any CPU.Build.0 = Debug|Any CPU
		{AEAEAC79-60D2-4129-AD07-2DC943B05D98}.Release|Any CPU.ActiveCfg = Release|Any CPU
		{AEAEAC79-60D2-4129-AD07-2DC943B05D98}.Release|Any CPU.Build.0 = Release|Any CPU
	EndGlobalSection
	GlobalSection(SolutionProperties) = preSolution
		HideSolutionNode = FALSE
	EndGlobalSection
	GlobalSection(ExtensibilityGlobals) = postSolution
		SolutionGuid = {B2512287-19CA-4BF5-88DC-A784DE4B3AAB}
	EndGlobalSection
EndGlobal
